
Microsoft Visual Studio Solution File, Format Version 12.00
# Visual Studio Version 17
VisualStudioVersion = 17.9.34414.90
MinimumVisualStudioVersion = 10.0.40219.1
Project("{2150E333-8FDC-42A3-9474-1A3956D46DE8}") = "FrontEnd", "FrontEnd", "{AB12D805-FA3B-4442-A9BE-862F918B379D}"
EndProject
Project("{2150E333-8FDC-42A3-9474-1A3956D46DE8}") = "Gateway", "Gateway", "{8AA5BB14-DFBE-4C3A-8B9F-764B21430C2A}"
EndProject
Project("{2150E333-8FDC-42A3-9474-1A3956D46DE8}") = "Integration", "Integration", "{562037A1-83CC-4AFC-9B68-E9B36DCB17CB}"
EndProject
Project("{2150E333-8FDC-42A3-9474-1A3956D46DE8}") = "Services", "Services", "{EC4F1C1F-0627-4B46-940D-C3B36B500C37}"
EndProject
Project("{9A19103F-16F7-4668-BE54-9A1E7A4F7556}") = "Mango.Services.CouponAPI", "Mango.Services.CouponAPI\Mango.Services.CouponAPI.csproj", "{87BE0B4E-1A5D-4267-A090-1248047538B6}"
EndProject
Project("{9A19103F-16F7-4668-BE54-9A1E7A4F7556}") = "Mango.Web", "Mango.Web\Mango.Web.csproj", "{7D203B2A-5F32-43E7-8F7F-EE51E8C6088F}"
EndProject
Project("{9A19103F-16F7-4668-BE54-9A1E7A4F7556}") = "Mango.Services.AuthAPI", "Mango.Services.AuthAPI\Mango.Services.AuthAPI.csproj", "{1DC06BE2-1FF9-4CEF-BF9D-D7FA8F0DF07A}"
EndProject
Project("{9A19103F-16F7-4668-BE54-9A1E7A4F7556}") = "Mango.Services.ProductAPI", "Mango.Services.ProductAPI\Mango.Services.ProductAPI.csproj", "{2BA77A31-43DC-4792-A30C-227A67428082}"
EndProject
Project("{9A19103F-16F7-4668-BE54-9A1E7A4F7556}") = "Mango.Services.ShoppingCartAPI", "Mango.Services.ShoppingCartAPI\Mango.Services.ShoppingCartAPI.csproj", "{81258988-A2AC-4503-A3EE-82973352F518}"
EndProject
Project("{FAE04EC0-301F-11D3-BF4B-00C04F79EFBC}") = "Mango.MessageBus", "Mango.MessageBus\Mango.MessageBus.csproj", "{EB072372-8592-45D3-997C-FF1C3939EA6F}"
EndProject
Project("{FAE04EC0-301F-11D3-BF4B-00C04F79EFBC}") = "Mango.Services.EmailAPI", "Mango.Services.EmailAPI\Mango.Services.EmailAPI.csproj", "{EFCD033E-4550-4F01-86A2-21E3BEE37B94}"
EndProject
Global
	GlobalSection(SolutionConfigurationPlatforms) = preSolution
		Debug|Any CPU = Debug|Any CPU
		Release|Any CPU = Release|Any CPU
	EndGlobalSection
	GlobalSection(ProjectConfigurationPlatforms) = postSolution
		{87BE0B4E-1A5D-4267-A090-1248047538B6}.Debug|Any CPU.ActiveCfg = Debug|Any CPU
		{87BE0B4E-1A5D-4267-A090-1248047538B6}.Debug|Any CPU.Build.0 = Debug|Any CPU
		{87BE0B4E-1A5D-4267-A090-1248047538B6}.Release|Any CPU.ActiveCfg = Release|Any CPU
		{87BE0B4E-1A5D-4267-A090-1248047538B6}.Release|Any CPU.Build.0 = Release|Any CPU
		{7D203B2A-5F32-43E7-8F7F-EE51E8C6088F}.Debug|Any CPU.ActiveCfg = Debug|Any CPU
		{7D203B2A-5F32-43E7-8F7F-EE51E8C6088F}.Debug|Any CPU.Build.0 = Debug|Any CPU
		{7D203B2A-5F32-43E7-8F7F-EE51E8C6088F}.Release|Any CPU.ActiveCfg = Release|Any CPU
		{7D203B2A-5F32-43E7-8F7F-EE51E8C6088F}.Release|Any CPU.Build.0 = Release|Any CPU
		{1DC06BE2-1FF9-4CEF-BF9D-D7FA8F0DF07A}.Debug|Any CPU.ActiveCfg = Debug|Any CPU
		{1DC06BE2-1FF9-4CEF-BF9D-D7FA8F0DF07A}.Debug|Any CPU.Build.0 = Debug|Any CPU
		{1DC06BE2-1FF9-4CEF-BF9D-D7FA8F0DF07A}.Release|Any CPU.ActiveCfg = Release|Any CPU
		{1DC06BE2-1FF9-4CEF-BF9D-D7FA8F0DF07A}.Release|Any CPU.Build.0 = Release|Any CPU
		{2BA77A31-43DC-4792-A30C-227A67428082}.Debug|Any CPU.ActiveCfg = Debug|Any CPU
		{2BA77A31-43DC-4792-A30C-227A67428082}.Debug|Any CPU.Build.0 = Debug|Any CPU
		{2BA77A31-43DC-4792-A30C-227A67428082}.Release|Any CPU.ActiveCfg = Release|Any CPU
		{2BA77A31-43DC-4792-A30C-227A67428082}.Release|Any CPU.Build.0 = Release|Any CPU
		{81258988-A2AC-4503-A3EE-82973352F518}.Debug|Any CPU.ActiveCfg = Debug|Any CPU
		{81258988-A2AC-4503-A3EE-82973352F518}.Debug|Any CPU.Build.0 = Debug|Any CPU
		{81258988-A2AC-4503-A3EE-82973352F518}.Release|Any CPU.ActiveCfg = Release|Any CPU
		{81258988-A2AC-4503-A3EE-82973352F518}.Release|Any CPU.Build.0 = Release|Any CPU
		{EB072372-8592-45D3-997C-FF1C3939EA6F}.Debug|Any CPU.ActiveCfg = Debug|Any CPU
		{EB072372-8592-45D3-997C-FF1C3939EA6F}.Debug|Any CPU.Build.0 = Debug|Any CPU
		{EB072372-8592-45D3-997C-FF1C3939EA6F}.Release|Any CPU.ActiveCfg = Release|Any CPU
		{EB072372-8592-45D3-997C-FF1C3939EA6F}.Release|Any CPU.Build.0 = Release|Any CPU
		{EFCD033E-4550-4F01-86A2-21E3BEE37B94}.Debug|Any CPU.ActiveCfg = Debug|Any CPU
		{EFCD033E-4550-4F01-86A2-21E3BEE37B94}.Debug|Any CPU.Build.0 = Debug|Any CPU
		{EFCD033E-4550-4F01-86A2-21E3BEE37B94}.Release|Any CPU.ActiveCfg = Release|Any CPU
		{EFCD033E-4550-4F01-86A2-21E3BEE37B94}.Release|Any CPU.Build.0 = Release|Any CPU
	EndGlobalSection
	GlobalSection(SolutionProperties) = preSolution
		HideSolutionNode = FALSE
	EndGlobalSection
	GlobalSection(NestedProjects) = preSolution
		{87BE0B4E-1A5D-4267-A090-1248047538B6} = {EC4F1C1F-0627-4B46-940D-C3B36B500C37}
		{7D203B2A-5F32-43E7-8F7F-EE51E8C6088F} = {AB12D805-FA3B-4442-A9BE-862F918B379D}
		{1DC06BE2-1FF9-4CEF-BF9D-D7FA8F0DF07A} = {EC4F1C1F-0627-4B46-940D-C3B36B500C37}
		{2BA77A31-43DC-4792-A30C-227A67428082} = {EC4F1C1F-0627-4B46-940D-C3B36B500C37}
		{81258988-A2AC-4503-A3EE-82973352F518} = {EC4F1C1F-0627-4B46-940D-C3B36B500C37}
		{EB072372-8592-45D3-997C-FF1C3939EA6F} = {562037A1-83CC-4AFC-9B68-E9B36DCB17CB}
		{EFCD033E-4550-4F01-86A2-21E3BEE37B94} = {EC4F1C1F-0627-4B46-940D-C3B36B500C37}
	EndGlobalSection
	GlobalSection(ExtensibilityGlobals) = postSolution
		SolutionGuid = {541D5C5C-AC6F-43D8-AA5E-778063F524D8}
	EndGlobalSection
EndGlobal
